
Microsoft Visual Studio Solution File, Format Version 12.00
# Visual Studio Version 17
VisualStudioVersion = 17.10.35122.118
MinimumVisualStudioVersion = 10.0.40219.1
Project("{9A19103F-16F7-4668-BE54-9A1E7A4F7556}") = "BookStore", "BookStore\BookStore.csproj", "{0FF1C004-ACD9-48BD-9B21-BA03A44670D2}"
EndProject
Project("{2150E333-8FDC-42A3-9474-1A3956D46DE8}") = "Solution Items", "Solution Items", "{48012941-20FD-4CCD-83BE-915B89DB9EE5}"
	ProjectSection(SolutionItems) = preProject
		.editorconfig = .editorconfig
	EndProjectSection
EndProject
Global
	GlobalSection(SolutionConfigurationPlatforms) = preSolution
		Debug|Any CPU = Debug|Any CPU
		Release|Any CPU = Release|Any CPU
	EndGlobalSection
	GlobalSection(ProjectConfigurationPlatforms) = postSolution
		{0FF1C004-ACD9-48BD-9B21-BA03A44670D2}.Debug|Any CPU.ActiveCfg = Debug|Any CPU
		{0FF1C004-ACD9-48BD-9B21-BA03A44670D2}.Debug|Any CPU.Build.0 = Debug|Any CPU
		{0FF1C004-ACD9-48BD-9B21-BA03A44670D2}.Release|Any CPU.ActiveCfg = Release|Any CPU
		{0FF1C004-ACD9-48BD-9B21-BA03A44670D2}.Release|Any CPU.Build.0 = Release|Any CPU
	EndGlobalSection
	GlobalSection(SolutionProperties) = preSolution
		HideSolutionNode = FALSE
	EndGlobalSection
	GlobalSection(ExtensibilityGlobals) = postSolution
		SolutionGuid = {1D11E5F1-0C27-40C0-B6C2-44118C40944C}
	EndGlobalSection
EndGlobal
